
Microsoft Visual Studio Solution File, Format Version 12.00
# Visual Studio 15
VisualStudioVersion = 15.0.27703.2018
MinimumVisualStudioVersion = 10.0.40219.1
Project("{E24C65DC-7377-472B-9ABA-BC803B73C61A}") = "WebServiceDB", "WebServiceDB\", "{F0DA57EA-69BE-4E8C-9750-F12DB37A8E9E}"
	ProjectSection(WebsiteProperties) = preProject
		TargetFrameworkMoniker = ".NETFramework,Version%3Dv4.6.1"
		Debug.AspNetCompiler.VirtualPath = "/localhost_63687"
		Debug.AspNetCompiler.PhysicalPath = "WebServiceDB\"
		Debug.AspNetCompiler.TargetPath = "PrecompiledWeb\localhost_63687\"
		Debug.AspNetCompiler.Updateable = "true"
		Debug.AspNetCompiler.ForceOverwrite = "true"
		Debug.AspNetCompiler.FixedNames = "false"
		Debug.AspNetCompiler.Debug = "True"
		Release.AspNetCompiler.VirtualPath = "/localhost_63687"
		Release.AspNetCompiler.PhysicalPath = "WebServiceDB\"
		Release.AspNetCompiler.TargetPath = "PrecompiledWeb\localhost_63687\"
		Release.AspNetCompiler.Updateable = "true"
		Release.AspNetCompiler.ForceOverwrite = "true"
		Release.AspNetCompiler.FixedNames = "false"
		Release.AspNetCompiler.Debug = "False"
		VWDPort = "63687"
		SlnRelativePath = "WebServiceDB\"
		DefaultWebSiteLanguage = "Visual C#"
	EndProjectSection
EndProject
Project("{E24C65DC-7377-472B-9ABA-BC803B73C61A}") = "Catalogo", "Catalogo\", "{522D5E2E-D064-4ABC-B6A9-654A950EDDA9}"
	ProjectSection(WebsiteProperties) = preProject
		TargetFrameworkMoniker = ".NETFramework,Version%3Dv4.6.1"
		Debug.AspNetCompiler.VirtualPath = "/localhost_63788"
		Debug.AspNetCompiler.PhysicalPath = "Catalogo\"
		Debug.AspNetCompiler.TargetPath = "PrecompiledWeb\localhost_63788\"
		Debug.AspNetCompiler.Updateable = "true"
		Debug.AspNetCompiler.ForceOverwrite = "true"
		Debug.AspNetCompiler.FixedNames = "false"
		Debug.AspNetCompiler.Debug = "True"
		Release.AspNetCompiler.VirtualPath = "/localhost_63788"
		Release.AspNetCompiler.PhysicalPath = "Catalogo\"
		Release.AspNetCompiler.TargetPath = "PrecompiledWeb\localhost_63788\"
		Release.AspNetCompiler.Updateable = "true"
		Release.AspNetCompiler.ForceOverwrite = "true"
		Release.AspNetCompiler.FixedNames = "false"
		Release.AspNetCompiler.Debug = "False"
		VWDPort = "63788"
		SlnRelativePath = "Catalogo\"
		DefaultWebSiteLanguage = "Visual C#"
	EndProjectSection
	ProjectSection(ProjectDependencies) = postProject
		{F0DA57EA-69BE-4E8C-9750-F12DB37A8E9E} = {F0DA57EA-69BE-4E8C-9750-F12DB37A8E9E}
	EndProjectSection
EndProject
Global
	GlobalSection(SolutionConfigurationPlatforms) = preSolution
		Debug|Any CPU = Debug|Any CPU
	EndGlobalSection
	GlobalSection(ProjectConfigurationPlatforms) = postSolution
		{F0DA57EA-69BE-4E8C-9750-F12DB37A8E9E}.Debug|Any CPU.ActiveCfg = Debug|Any CPU
		{F0DA57EA-69BE-4E8C-9750-F12DB37A8E9E}.Debug|Any CPU.Build.0 = Debug|Any CPU
		{522D5E2E-D064-4ABC-B6A9-654A950EDDA9}.Debug|Any CPU.ActiveCfg = Debug|Any CPU
		{522D5E2E-D064-4ABC-B6A9-654A950EDDA9}.Debug|Any CPU.Build.0 = Debug|Any CPU
	EndGlobalSection
	GlobalSection(SolutionProperties) = preSolution
		HideSolutionNode = FALSE
	EndGlobalSection
	GlobalSection(ExtensibilityGlobals) = postSolution
		SolutionGuid = {FE4261B6-02E1-45FD-B35E-40A16C98EEC2}
	EndGlobalSection
EndGlobal
